
Microsoft Visual Studio Solution File, Format Version 12.00
# Visual Studio Version 17
VisualStudioVersion = 17.7.34221.43
MinimumVisualStudioVersion = 10.0.40219.1
Project("{FAE04EC0-301F-11D3-BF4B-00C04F79EFBC}") = "UserListMVC", "UserListMVC\UserListMVC.csproj", "{7013EADD-03E4-41E7-9221-436C253FB371}"
EndProject
Global
	GlobalSection(SolutionConfigurationPlatforms) = preSolution
		Debug|Any CPU = Debug|Any CPU
		Release|Any CPU = Release|Any CPU
	EndGlobalSection
	GlobalSection(ProjectConfigurationPlatforms) = postSolution
		{7013EADD-03E4-41E7-9221-436C253FB371}.Debug|Any CPU.ActiveCfg = Debug|Any CPU
		{7013EADD-03E4-41E7-9221-436C253FB371}.Debug|Any CPU.Build.0 = Debug|Any CPU
		{7013EADD-03E4-41E7-9221-436C253FB371}.Release|Any CPU.ActiveCfg = Release|Any CPU
		{7013EADD-03E4-41E7-9221-436C253FB371}.Release|Any CPU.Build.0 = Release|Any CPU
	EndGlobalSection
	GlobalSection(SolutionProperties) = preSolution
		HideSolutionNode = FALSE
	EndGlobalSection
	GlobalSection(ExtensibilityGlobals) = postSolution
		SolutionGuid = {DB9FB032-2845-4B47-8AE9-2A7E58C23F7B}
	EndGlobalSection
EndGlobal
